Microsoft Visual Studio Solution File, Format Version 11.00
# Visual Studio 2010
Project("{55BDFBD9-D353-42FE-BC7C-C71FFCE27888}") = "vsdir", "vsdir.visualdproj", "{6BDD8336-AE6F-4DD9-84BF-5C5778F46765}"
	ProjectSection(ProjectDependencies) = postProject
		{0A79CFAF-B046-4B1B-B8A3-6E525F9B90D3} = {0A79CFAF-B046-4B1B-B8A3-6E525F9B90D3}
	EndProjectSection
EndProject
Project("{55BDFBD9-D353-42FE-BC7C-C71FFCE27888}") = "wind", "wind.visualdproj", "{0A79CFAF-B046-4B1B-B8A3-6E525F9B90D3}"
EndProject
Global
	GlobalSection(SolutionConfigurationPlatforms) = preSolution
		debug|Win32 = debug|Win32
	EndGlobalSection
	GlobalSection(ProjectConfigurationPlatforms) = postSolution
		{6BDD8336-AE6F-4DD9-84BF-5C5778F46765}.debug|Win32.ActiveCfg = debug|Win32
		{6BDD8336-AE6F-4DD9-84BF-5C5778F46765}.debug|Win32.Build.0 = debug|Win32
		{0A79CFAF-B046-4B1B-B8A3-6E525F9B90D3}.debug|Win32.ActiveCfg = debug|Win32
		{0A79CFAF-B046-4B1B-B8A3-6E525F9B90D3}.debug|Win32.Build.0 = debug|Win32
	EndGlobalSection
	GlobalSection(SolutionProperties) = preSolution
		HideSolutionNode = FALSE
	EndGlobalSection
EndGlobal
